// !$*UTF8*$!
{
	archiveVersion = 1;
	classes = {
	};
	objectVersion = 42;
	objects = {

/* Begin PBXBuildFile section */
		8402D5EC0D0F3CC600A77793 /* jaxermanager.cpp in Sources */ = {isa = PBXBuildFile; fileRef = 8402D5DE0D0F3BAB00A77793 /* jaxermanager.cpp */; };
		8402D6030D0F419200A77793 /* jaxermanager.cpp in Sources */ = {isa = PBXBuildFile; fileRef = 8402D5DE0D0F3BAB00A77793 /* jaxermanager.cpp */; };
		DA88A6B30D32E726009A0AFF /* JaxerManager.cpp in Sources */ = {isa = PBXBuildFile; fileRef = DA88A6B20D32E726009A0AFF /* JaxerManager.cpp */; };
/* End PBXBuildFile section */

/* Begin PBXBuildRule section */
		DA5F7AEC0D1882E100C1D4BF /* PBXBuildRule */ = {
			isa = PBXBuildRule;
			compilerSpec = com.apple.compilers.gcc.4_0;
			fileType = sourcecode.asm;
			isEditable = 1;
			outputFiles = (
			);
		};
		DA5F7AED0D1882E100C1D4BF /* PBXBuildRule */ = {
			isa = PBXBuildRule;
			compilerSpec = com.apple.compilers.gcc.4_0;
			fileType = sourcecode.c;
			isEditable = 1;
			outputFiles = (
			);
		};
/* End PBXBuildRule section */

/* Begin PBXFileReference section */
		8402D5DE0D0F3BAB00A77793 /* jaxermanager.cpp */ = {isa = PBXFileReference; fileEncoding = 4; lastKnownFileType = sourcecode.cpp.cpp; path = jaxermanager.cpp; sourceTree = "<group>"; };
		DA5F7AE40D18829200C1D4BF /* JaxerManager */ = {isa = PBXFileReference; explicitFileType = "compiled.mach-o.executable"; includeInIndex = 0; path = JaxerManager; sourceTree = BUILT_PRODUCTS_DIR; };
		DA5F7B220D18894300C1D4BF /* decl.h */ = {isa = PBXFileReference; fileEncoding = 4; lastKnownFileType = sourcecode.c.h; path = decl.h; sourceTree = "<group>"; };
		DA5F7B230D18894300C1D4BF /* impl.h */ = {isa = PBXFileReference; fileEncoding = 4; lastKnownFileType = sourcecode.c.h; path = impl.h; sourceTree = "<group>"; };
		DA66ECD00D18C93000C02B0C /* JaxerManager-PPC */ = {isa = PBXFileReference; explicitFileType = "compiled.mach-o.executable"; includeInIndex = 0; path = "JaxerManager-PPC"; sourceTree = BUILT_PRODUCTS_DIR; };
		DA88A6B20D32E726009A0AFF /* JaxerManager.cpp */ = {isa = PBXFileReference; fileEncoding = 4; lastKnownFileType = sourcecode.cpp.cpp; name = JaxerManager.cpp; path = ../win32/JaxerManager.cpp; sourceTree = SOURCE_ROOT; };
/* End PBXFileReference section */

/* Begin PBXFrameworksBuildPhase section */
		8402D5E00D0F3BE600A77793 /* Frameworks */ = {
			isa = PBXFrameworksBuildPhase;
			buildActionMask = 2147483647;
			files = (
			);
			runOnlyForDeploymentPostprocessing = 0;
		};
		8402D5FC0D0F415800A77793 /* Frameworks */ = {
			isa = PBXFrameworksBuildPhase;
			buildActionMask = 2147483647;
			files = (
			);
			runOnlyForDeploymentPostprocessing = 0;
		};
/* End PBXFrameworksBuildPhase section */

/* Begin PBXGroup section */
		8402D5D00D0F3B1800A77793 = {
			isa = PBXGroup;
			children = (
				DA88A6B20D32E726009A0AFF /* JaxerManager.cpp */,
				DA5F7B210D18894300C1D4BF /* common */,
				8402D5DE0D0F3BAB00A77793 /* jaxermanager.cpp */,
				8402D5E30D0F3BE600A77793 /* Products */,
			);
			sourceTree = "<group>";
		};
		8402D5E30D0F3BE600A77793 /* Products */ = {
			isa = PBXGroup;
			children = (
				DA5F7AE40D18829200C1D4BF /* JaxerManager */,
				DA66ECD00D18C93000C02B0C /* JaxerManager-PPC */,
			);
			name = Products;
			sourceTree = "<group>";
		};
		DA5F7B210D18894300C1D4BF /* common */ = {
			isa = PBXGroup;
			children = (
				DA5F7B220D18894300C1D4BF /* decl.h */,
				DA5F7B230D18894300C1D4BF /* impl.h */,
			);
			name = common;
			path = ../common;
			sourceTree = SOURCE_ROOT;
		};
/* End PBXGroup section */

/* Begin PBXNativeTarget section */
		8402D5E10D0F3BE600A77793 /* JaxerManager */ = {
			isa = PBXNativeTarget;
			buildConfigurationList = 8402D5E70D0F3BE600A77793 /* Build configuration list for PBXNativeTarget "JaxerManager" */;
			buildPhases = (
				8402D5DF0D0F3BE600A77793 /* Sources */,
				8402D5E00D0F3BE600A77793 /* Frameworks */,
			);
			buildRules = (
				DA5F7AEC0D1882E100C1D4BF /* PBXBuildRule */,
				DA5F7AED0D1882E100C1D4BF /* PBXBuildRule */,
			);
			dependencies = (
			);
			name = JaxerManager;
			productName = JaxerManager;
			productReference = DA5F7AE40D18829200C1D4BF /* JaxerManager */;
			productType = "com.apple.product-type.tool";
		};
		8402D5FD0D0F415800A77793 /* JaxerManager-PPC */ = {
			isa = PBXNativeTarget;
			buildConfigurationList = 8402D6090D0F41A900A77793 /* Build configuration list for PBXNativeTarget "JaxerManager-PPC" */;
			buildPhases = (
				8402D5FB0D0F415800A77793 /* Sources */,
				8402D5FC0D0F415800A77793 /* Frameworks */,
			);
			buildRules = (
			);
			dependencies = (
			);
			name = "JaxerManager-PPC";
			productName = "JaxerManager-PPC";
			productReference = DA66ECD00D18C93000C02B0C /* JaxerManager-PPC */;
			productType = "com.apple.product-type.tool";
		};
/* End PBXNativeTarget section */

/* Begin PBXProject section */
		8402D5D20D0F3B1800A77793 /* Project object */ = {
			isa = PBXProject;
			buildConfigurationList = 8402D5D50D0F3B1800A77793 /* Build configuration list for PBXProject "JaxerManager" */;
			compatibilityVersion = "Xcode 2.4";
			hasScannedForEncodings = 0;
			mainGroup = 8402D5D00D0F3B1800A77793;
			productRefGroup = 8402D5E30D0F3BE600A77793 /* Products */;
			projectDirPath = "";
			projectRoot = "";
			targets = (
				8402D5E10D0F3BE600A77793 /* JaxerManager */,
				8402D5FD0D0F415800A77793 /* JaxerManager-PPC */,
			);
		};
/* End PBXProject section */

/* Begin PBXSourcesBuildPhase section */
		8402D5DF0D0F3BE600A77793 /* Sources */ = {
			isa = PBXSourcesBuildPhase;
			buildActionMask = 2147483647;
			files = (
				8402D5EC0D0F3CC600A77793 /* jaxermanager.cpp in Sources */,
				DA88A6B30D32E726009A0AFF /* JaxerManager.cpp in Sources */,
			);
			runOnlyForDeploymentPostprocessing = 0;
		};
		8402D5FB0D0F415800A77793 /* Sources */ = {
			isa = PBXSourcesBuildPhase;
			buildActionMask = 2147483647;
			files = (
				8402D6030D0F419200A77793 /* jaxermanager.cpp in Sources */,
			);
			runOnlyForDeploymentPostprocessing = 0;
		};
/* End PBXSourcesBuildPhase section */

/* Begin XCBuildConfiguration section */
		8402D5D30D0F3B1800A77793 /* Debug */ = {
			isa = XCBuildConfiguration;
			buildSettings = {
				ARCHS = "$(NATIVE_ARCH_32_BIT)";
				COPY_PHASE_STRIP = NO;
				SDKROOT = /Developer/SDKs/MacOSX10.4u.sdk;
			};
			name = Debug;
		};
		8402D5D40D0F3B1800A77793 /* Release */ = {
			isa = XCBuildConfiguration;
			buildSettings = {
				COPY_PHASE_STRIP = YES;
				SDKROOT = /Developer/SDKs/MacOSX10.4u.sdk;
			};
			name = Release;
		};
		8402D5E50D0F3BE600A77793 /* Debug */ = {
			isa = XCBuildConfiguration;
			buildSettings = {
				ARCHS = i386;
				COPY_PHASE_STRIP = NO;
				GCC_DYNAMIC_NO_PIC = NO;
				GCC_ENABLE_FIX_AND_CONTINUE = YES;
				GCC_MODEL_TUNING = G5;
				GCC_OPTIMIZATION_LEVEL = 0;
				INSTALL_PATH = /usr/local/bin;
				PREBINDING = NO;
				PRODUCT_NAME = JaxerManager;
				ZERO_LINK = NO;
			};
			name = Debug;
		};
		8402D5E60D0F3BE600A77793 /* Release */ = {
			isa = XCBuildConfiguration;
			buildSettings = {
				ARCHS = i386;
				COPY_PHASE_STRIP = YES;
				DEBUG_INFORMATION_FORMAT = "dwarf-with-dsym";
				GCC_ENABLE_FIX_AND_CONTINUE = NO;
				GCC_MODEL_TUNING = G5;
				INSTALL_PATH = /usr/local/bin;
				PREBINDING = NO;
				PRODUCT_NAME = JaxerManager;
				ZERO_LINK = NO;
			};
			name = Release;
		};
		8402D6000D0F415800A77793 /* Debug */ = {
			isa = XCBuildConfiguration;
			buildSettings = {
				ARCHS = ppc;
				COPY_PHASE_STRIP = NO;
				GCC_DYNAMIC_NO_PIC = NO;
				GCC_ENABLE_FIX_AND_CONTINUE = YES;
				GCC_MODEL_TUNING = G5;
				GCC_OPTIMIZATION_LEVEL = 0;
				INSTALL_PATH = /usr/local/bin;
				PREBINDING = NO;
				PRODUCT_NAME = "JaxerManager-PPC";
				ZERO_LINK = YES;
			};
			name = Debug;
		};
		8402D6010D0F415800A77793 /* Release */ = {
			isa = XCBuildConfiguration;
			buildSettings = {
				ARCHS = ppc;
				COPY_PHASE_STRIP = YES;
				DEBUG_INFORMATION_FORMAT = "dwarf-with-dsym";
				GCC_ENABLE_FIX_AND_CONTINUE = NO;
				GCC_MODEL_TUNING = G5;
				INSTALL_PATH = /usr/local/bin;
				PREBINDING = NO;
				PRODUCT_NAME = "JaxerManager-PPC";
				ZERO_LINK = NO;
			};
			name = Release;
		};
/* End XCBuildConfiguration section */

/* Begin XCConfigurationList section */
		8402D5D50D0F3B1800A77793 /* Build configuration list for PBXProject "JaxerManager" */ = {
			isa = XCConfigurationList;
			buildConfigurations = (
				8402D5D30D0F3B1800A77793 /* Debug */,
				8402D5D40D0F3B1800A77793 /* Release */,
			);
			defaultConfigurationIsVisible = 0;
			defaultConfigurationName = Release;
		};
		8402D5E70D0F3BE600A77793 /* Build configuration list for PBXNativeTarget "JaxerManager" */ = {
			isa = XCConfigurationList;
			buildConfigurations = (
				8402D5E50D0F3BE600A77793 /* Debug */,
				8402D5E60D0F3BE600A77793 /* Release */,
			);
			defaultConfigurationIsVisible = 0;
			defaultConfigurationName = Release;
		};
		8402D6090D0F41A900A77793 /* Build configuration list for PBXNativeTarget "JaxerManager-PPC" */ = {
			isa = XCConfigurationList;
			buildConfigurations = (
				8402D6000D0F415800A77793 /* Debug */,
				8402D6010D0F415800A77793 /* Release */,
			);
			defaultConfigurationIsVisible = 0;
			defaultConfigurationName = Release;
		};
/* End XCConfigurationList section */
	};
	rootObject = 8402D5D20D0F3B1800A77793 /* Project object */;
}
